
Microsoft Visual Studio Solution File, Format Version 12.00
# Visual Studio Version 17
VisualStudioVersion = 17.11.35312.102
MinimumVisualStudioVersion = 10.0.40219.1
Project("{2150E333-8FDC-42A3-9474-1A3956D46DE8}") = "Task0", "Task0", "{AB7E81F0-A841-40E6-9F22-CFF8D7CA865F}"
EndProject
Project("{9A19103F-16F7-4668-BE54-9A1E7A4F7556}") = "Tyuiu.MolchankinaAP.Sprint0.Task0.V0", "Tyuiu.MolchankinaAP.Sprint0.Task0.V0\Tyuiu.MolchankinaAP.Sprint0.Task0.V0.csproj", "{549C22B8-8885-4FC5-A2E5-F39E326BB7DC}"
EndProject
Project("{2150E333-8FDC-42A3-9474-1A3956D46DE8}") = "Task1", "Task1", "{91897872-FA23-4B85-ADCC-93A573E2B754}"
EndProject
Project("{9A19103F-16F7-4668-BE54-9A1E7A4F7556}") = "Tyuiu.MolchankinaAP.Sprint0.Task1.V0", "Tyuiu.MolchankinaAP.Sprint0.Task1.V0\Tyuiu.MolchankinaAP.Sprint0.Task1.V0.csproj", "{F4A058A6-B54D-496C-8E1A-BB3F60EB67A6}"
EndProject
Project("{2150E333-8FDC-42A3-9474-1A3956D46DE8}") = "Task2", "Task2", "{759D00F7-FF05-4859-933A-EDE84474A19F}"
EndProject
Project("{9A19103F-16F7-4668-BE54-9A1E7A4F7556}") = "Tyuiu.MolchankinaAP.Sprint0.Task2.V0", "Tyuiu.MolchankinaAP.Sprint0.Task2.V0\Tyuiu.MolchankinaAP.Sprint0.Task2.V0.csproj", "{6AF302E2-9009-4C8A-8DD4-160E2736CB43}"
EndProject
Project("{9A19103F-16F7-4668-BE54-9A1E7A4F7556}") = "Tyuiu.MolchankinaAP.Sprint0.Task2.V0.Lib", "Tyuiu.MolchankinaAP.Sprint0.Task2.V0.Lib\Tyuiu.MolchankinaAP.Sprint0.Task2.V0.Lib.csproj", "{07957ADD-F680-4516-A7FC-C5A3616B9BC5}"
EndProject
Project("{9A19103F-16F7-4668-BE54-9A1E7A4F7556}") = "Tyuiu.MolchankinaAP.Sprint0.Task2.V0.Test", "Tyuiu.MolchankinaAP.Sprint0.Task2.V0.Test\Tyuiu.MolchankinaAP.Sprint0.Task2.V0.Test.csproj", "{8050261F-5810-4F6B-B250-D1187D083FF8}"
EndProject
Project("{2150E333-8FDC-42A3-9474-1A3956D46DE8}") = "Task3", "Task3", "{D2EE14C0-F951-4271-AD77-8E5F10DF54A9}"
EndProject
Project("{9A19103F-16F7-4668-BE54-9A1E7A4F7556}") = "Tyuiu.MolchankinaAP.Sprint0.Task3.V0", "Tyuiu.MolchankinaAP.Sprint0.Task3.V0\Tyuiu.MolchankinaAP.Sprint0.Task3.V0.csproj", "{517391D7-23A5-40C5-B424-B436E5AEE6B3}"
EndProject
Project("{9A19103F-16F7-4668-BE54-9A1E7A4F7556}") = "Tyuiu.MolchankinaAP.Sprint0.Task3.V0.Lib", "Tyuiu.MolchankinaAP.Sprint0.Task3.V0.Lib\Tyuiu.MolchankinaAP.Sprint0.Task3.V0.Lib.csproj", "{D371BD1B-6F75-4810-BA60-5807FC77C4A5}"
EndProject
Project("{9A19103F-16F7-4668-BE54-9A1E7A4F7556}") = "Tyuiu.MolchankinaAP.Sprint0.Task3.V0.Test", "Tyuiu.MolchankinaAP.Sprint0.Task3.V0.Test\Tyuiu.MolchankinaAP.Sprint0.Task3.V0.Test.csproj", "{E4BAD0E2-4D6A-471B-8B7F-E8665D4EB555}"
EndProject
Project("{2150E333-8FDC-42A3-9474-1A3956D46DE8}") = "Task4", "Task4", "{AEB1463A-12CB-4072-A09C-42EE8ABF50D2}"
EndProject
Project("{9A19103F-16F7-4668-BE54-9A1E7A4F7556}") = "Tyuiu.MolchankinaAP.Sprint0.Task4.V0", "Tyuiu.MolchankinaAP.Sprint0.Task4.V0\Tyuiu.MolchankinaAP.Sprint0.Task4.V0.csproj", "{CCE15B47-BD60-4AE6-934E-0922F2BA48CC}"
EndProject
Project("{9A19103F-16F7-4668-BE54-9A1E7A4F7556}") = "Tyuiu.MolchankinaAP.Sprint0.Task4.V0.Test", "Tyuiu.MolchankinaAP.Sprint0.Task4.V0.Test\Tyuiu.MolchankinaAP.Sprint0.Task4.V0.Test.csproj", "{1C71F51A-28DB-489E-9BAC-8037AC9CC2E4}"
EndProject
Project("{9A19103F-16F7-4668-BE54-9A1E7A4F7556}") = "Tyuiu.MolchankinaAP.Sprint0.Task4.V0.Lib", "Tyuiu.MolchankinaAP.Sprint0.Task4.V0.Lib\Tyuiu.MolchankinaAP.Sprint0.Task4.V0.Lib.csproj", "{547217CC-3945-422C-ABCD-1BD5B6D41F25}"
EndProject
Project("{2150E333-8FDC-42A3-9474-1A3956D46DE8}") = "Task5", "Task5", "{3354A4E0-60EC-45CA-8818-6AB33948E385}"
EndProject
Project("{FAE04EC0-301F-11D3-BF4B-00C04F79EFBC}") = "Tyuiu.MolchankinaAP.Sprint0.Task5.V0", "Tyuiu.MolchankinaAP.Sprint0.Task5.V0\Tyuiu.MolchankinaAP.Sprint0.Task5.V0.csproj", "{18B4638B-74E0-47F3-93F4-1065530AAF2C}"
EndProject
Project("{FAE04EC0-301F-11D3-BF4B-00C04F79EFBC}") = "Tyuiu.MolchankinaAP.Sprint0.Task5.V0.Lib", "Tyuiu.MolchankinaAP.Sprint0.Task5.V0.Lib\Tyuiu.MolchankinaAP.Sprint0.Task5.V0.Lib.csproj", "{1D88B863-E743-4A47-BDA0-41BCDFAB1789}"
EndProject
Project("{FAE04EC0-301F-11D3-BF4B-00C04F79EFBC}") = "Tyuiu.MolchankinaAP.Sprint0.Task5.V0.Test", "Tyuiu.MolchankinaAP.Sprint0.Task5.V0.Test\Tyuiu.MolchankinaAP.Sprint0.Task5.V0.Test.csproj", "{082FB101-560D-43FD-A2F4-A46F8460D4C0}"
EndProject
Project("{2150E333-8FDC-42A3-9474-1A3956D46DE8}") = "Task6", "Task6", "{7ADC8DBD-C29B-4DAA-9A54-53515560ADFE}"
EndProject
Project("{FAE04EC0-301F-11D3-BF4B-00C04F79EFBC}") = "Tyuiu.MolchankinaAP.Sprint0.Task6.V0", "Tyuiu.MolchankinaAP.Sprint0.Task6.V0\Tyuiu.MolchankinaAP.Sprint0.Task6.V0.csproj", "{6B874B3B-5268-48B8-A1CC-466AFAA4A2CC}"
EndProject
Project("{FAE04EC0-301F-11D3-BF4B-00C04F79EFBC}") = "Tyuiu.MolchankinaAP.Sprint0.Task6.V0.Lib", "Tyuiu.MolchankinaAP.Sprint0.Task6.V0.Lib\Tyuiu.MolchankinaAP.Sprint0.Task6.V0.Lib.csproj", "{232875C1-9AF7-4BE9-BBA9-AD093DBE44B0}"
EndProject
Project("{FAE04EC0-301F-11D3-BF4B-00C04F79EFBC}") = "Tyuiu.MolchankinaAP.Sprint0.Task6.V0.Test", "Tyuiu.MolchankinaAP.Sprint0.Task6.V0.Test\Tyuiu.MolchankinaAP.Sprint0.Task6.V0.Test.csproj", "{FE66FA67-3F44-480A-BBDE-E3D2665B27E4}"
EndProject
Global
	GlobalSection(SolutionConfigurationPlatforms) = preSolution
		Debug|Any CPU = Debug|Any CPU
		Release|Any CPU = Release|Any CPU
	EndGlobalSection
	GlobalSection(ProjectConfigurationPlatforms) = postSolution
		{549C22B8-8885-4FC5-A2E5-F39E326BB7DC}.Debug|Any CPU.ActiveCfg = Debug|Any CPU
		{549C22B8-8885-4FC5-A2E5-F39E326BB7DC}.Debug|Any CPU.Build.0 = Debug|Any CPU
		{549C22B8-8885-4FC5-A2E5-F39E326BB7DC}.Release|Any CPU.ActiveCfg = Release|Any CPU
		{549C22B8-8885-4FC5-A2E5-F39E326BB7DC}.Release|Any CPU.Build.0 = Release|Any CPU
		{F4A058A6-B54D-496C-8E1A-BB3F60EB67A6}.Debug|Any CPU.ActiveCfg = Debug|Any CPU
		{F4A058A6-B54D-496C-8E1A-BB3F60EB67A6}.Debug|Any CPU.Build.0 = Debug|Any CPU
		{F4A058A6-B54D-496C-8E1A-BB3F60EB67A6}.Release|Any CPU.ActiveCfg = Release|Any CPU
		{F4A058A6-B54D-496C-8E1A-BB3F60EB67A6}.Release|Any CPU.Build.0 = Release|Any CPU
		{6AF302E2-9009-4C8A-8DD4-160E2736CB43}.Debug|Any CPU.ActiveCfg = Debug|Any CPU
		{6AF302E2-9009-4C8A-8DD4-160E2736CB43}.Debug|Any CPU.Build.0 = Debug|Any CPU
		{6AF302E2-9009-4C8A-8DD4-160E2736CB43}.Release|Any CPU.ActiveCfg = Release|Any CPU
		{6AF302E2-9009-4C8A-8DD4-160E2736CB43}.Release|Any CPU.Build.0 = Release|Any CPU
		{07957ADD-F680-4516-A7FC-C5A3616B9BC5}.Debug|Any CPU.ActiveCfg = Debug|Any CPU
		{07957ADD-F680-4516-A7FC-C5A3616B9BC5}.Debug|Any CPU.Build.0 = Debug|Any CPU
		{07957ADD-F680-4516-A7FC-C5A3616B9BC5}.Release|Any CPU.ActiveCfg = Release|Any CPU
		{07957ADD-F680-4516-A7FC-C5A3616B9BC5}.Release|Any CPU.Build.0 = Release|Any CPU
		{8050261F-5810-4F6B-B250-D1187D083FF8}.Debug|Any CPU.ActiveCfg = Debug|Any CPU
		{8050261F-5810-4F6B-B250-D1187D083FF8}.Debug|Any CPU.Build.0 = Debug|Any CPU
		{8050261F-5810-4F6B-B250-D1187D083FF8}.Release|Any CPU.ActiveCfg = Release|Any CPU
		{8050261F-5810-4F6B-B250-D1187D083FF8}.Release|Any CPU.Build.0 = Release|Any CPU
		{517391D7-23A5-40C5-B424-B436E5AEE6B3}.Debug|Any CPU.ActiveCfg = Debug|Any CPU
		{517391D7-23A5-40C5-B424-B436E5AEE6B3}.Debug|Any CPU.Build.0 = Debug|Any CPU
		{517391D7-23A5-40C5-B424-B436E5AEE6B3}.Release|Any CPU.ActiveCfg = Release|Any CPU
		{517391D7-23A5-40C5-B424-B436E5AEE6B3}.Release|Any CPU.Build.0 = Release|Any CPU
		{D371BD1B-6F75-4810-BA60-5807FC77C4A5}.Debug|Any CPU.ActiveCfg = Debug|Any CPU
		{D371BD1B-6F75-4810-BA60-5807FC77C4A5}.Debug|Any CPU.Build.0 = Debug|Any CPU
		{D371BD1B-6F75-4810-BA60-5807FC77C4A5}.Release|Any CPU.ActiveCfg = Release|Any CPU
		{D371BD1B-6F75-4810-BA60-5807FC77C4A5}.Release|Any CPU.Build.0 = Release|Any CPU
		{E4BAD0E2-4D6A-471B-8B7F-E8665D4EB555}.Debug|Any CPU.ActiveCfg = Debug|Any CPU
		{E4BAD0E2-4D6A-471B-8B7F-E8665D4EB555}.Debug|Any CPU.Build.0 = Debug|Any CPU
		{E4BAD0E2-4D6A-471B-8B7F-E8665D4EB555}.Release|Any CPU.ActiveCfg = Release|Any CPU
		{E4BAD0E2-4D6A-471B-8B7F-E8665D4EB555}.Release|Any CPU.Build.0 = Release|Any CPU
		{CCE15B47-BD60-4AE6-934E-0922F2BA48CC}.Debug|Any CPU.ActiveCfg = Debug|Any CPU
		{CCE15B47-BD60-4AE6-934E-0922F2BA48CC}.Debug|Any CPU.Build.0 = Debug|Any CPU
		{CCE15B47-BD60-4AE6-934E-0922F2BA48CC}.Release|Any CPU.ActiveCfg = Release|Any CPU
		{CCE15B47-BD60-4AE6-934E-0922F2BA48CC}.Release|Any CPU.Build.0 = Release|Any CPU
		{1C71F51A-28DB-489E-9BAC-8037AC9CC2E4}.Debug|Any CPU.ActiveCfg = Debug|Any CPU
		{1C71F51A-28DB-489E-9BAC-8037AC9CC2E4}.Debug|Any CPU.Build.0 = Debug|Any CPU
		{1C71F51A-28DB-489E-9BAC-8037AC9CC2E4}.Release|Any CPU.ActiveCfg = Release|Any CPU
		{1C71F51A-28DB-489E-9BAC-8037AC9CC2E4}.Release|Any CPU.Build.0 = Release|Any CPU
		{547217CC-3945-422C-ABCD-1BD5B6D41F25}.Debug|Any CPU.ActiveCfg = Debug|Any CPU
		{547217CC-3945-422C-ABCD-1BD5B6D41F25}.Debug|Any CPU.Build.0 = Debug|Any CPU
		{547217CC-3945-422C-ABCD-1BD5B6D41F25}.Release|Any CPU.ActiveCfg = Release|Any CPU
		{547217CC-3945-422C-ABCD-1BD5B6D41F25}.Release|Any CPU.Build.0 = Release|Any CPU
		{18B4638B-74E0-47F3-93F4-1065530AAF2C}.Debug|Any CPU.ActiveCfg = Debug|Any CPU
		{18B4638B-74E0-47F3-93F4-1065530AAF2C}.Debug|Any CPU.Build.0 = Debug|Any CPU
		{18B4638B-74E0-47F3-93F4-1065530AAF2C}.Release|Any CPU.ActiveCfg = Release|Any CPU
		{18B4638B-74E0-47F3-93F4-1065530AAF2C}.Release|Any CPU.Build.0 = Release|Any CPU
		{1D88B863-E743-4A47-BDA0-41BCDFAB1789}.Debug|Any CPU.ActiveCfg = Debug|Any CPU
		{1D88B863-E743-4A47-BDA0-41BCDFAB1789}.Debug|Any CPU.Build.0 = Debug|Any CPU
		{1D88B863-E743-4A47-BDA0-41BCDFAB1789}.Release|Any CPU.ActiveCfg = Release|Any CPU
		{1D88B863-E743-4A47-BDA0-41BCDFAB1789}.Release|Any CPU.Build.0 = Release|Any CPU
		{082FB101-560D-43FD-A2F4-A46F8460D4C0}.Debug|Any CPU.ActiveCfg = Debug|Any CPU
		{082FB101-560D-43FD-A2F4-A46F8460D4C0}.Debug|Any CPU.Build.0 = Debug|Any CPU
		{082FB101-560D-43FD-A2F4-A46F8460D4C0}.Release|Any CPU.ActiveCfg = Release|Any CPU
		{082FB101-560D-43FD-A2F4-A46F8460D4C0}.Release|Any CPU.Build.0 = Release|Any CPU
		{6B874B3B-5268-48B8-A1CC-466AFAA4A2CC}.Debug|Any CPU.ActiveCfg = Debug|Any CPU
		{6B874B3B-5268-48B8-A1CC-466AFAA4A2CC}.Debug|Any CPU.Build.0 = Debug|Any CPU
		{6B874B3B-5268-48B8-A1CC-466AFAA4A2CC}.Release|Any CPU.ActiveCfg = Release|Any CPU
		{6B874B3B-5268-48B8-A1CC-466AFAA4A2CC}.Release|Any CPU.Build.0 = Release|Any CPU
		{232875C1-9AF7-4BE9-BBA9-AD093DBE44B0}.Debug|Any CPU.ActiveCfg = Debug|Any CPU
		{232875C1-9AF7-4BE9-BBA9-AD093DBE44B0}.Debug|Any CPU.Build.0 = Debug|Any CPU
		{232875C1-9AF7-4BE9-BBA9-AD093DBE44B0}.Release|Any CPU.ActiveCfg = Release|Any CPU
		{232875C1-9AF7-4BE9-BBA9-AD093DBE44B0}.Release|Any CPU.Build.0 = Release|Any CPU
		{FE66FA67-3F44-480A-BBDE-E3D2665B27E4}.Debug|Any CPU.ActiveCfg = Debug|Any CPU
		{FE66FA67-3F44-480A-BBDE-E3D2665B27E4}.Debug|Any CPU.Build.0 = Debug|Any CPU
		{FE66FA67-3F44-480A-BBDE-E3D2665B27E4}.Release|Any CPU.ActiveCfg = Release|Any CPU
		{FE66FA67-3F44-480A-BBDE-E3D2665B27E4}.Release|Any CPU.Build.0 = Release|Any CPU
	EndGlobalSection
	GlobalSection(SolutionProperties) = preSolution
		HideSolutionNode = FALSE
	EndGlobalSection
	GlobalSection(NestedProjects) = preSolution
		{549C22B8-8885-4FC5-A2E5-F39E326BB7DC} = {AB7E81F0-A841-40E6-9F22-CFF8D7CA865F}
		{F4A058A6-B54D-496C-8E1A-BB3F60EB67A6} = {91897872-FA23-4B85-ADCC-93A573E2B754}
		{6AF302E2-9009-4C8A-8DD4-160E2736CB43} = {759D00F7-FF05-4859-933A-EDE84474A19F}
		{07957ADD-F680-4516-A7FC-C5A3616B9BC5} = {759D00F7-FF05-4859-933A-EDE84474A19F}
		{8050261F-5810-4F6B-B250-D1187D083FF8} = {759D00F7-FF05-4859-933A-EDE84474A19F}
		{517391D7-23A5-40C5-B424-B436E5AEE6B3} = {D2EE14C0-F951-4271-AD77-8E5F10DF54A9}
		{D371BD1B-6F75-4810-BA60-5807FC77C4A5} = {D2EE14C0-F951-4271-AD77-8E5F10DF54A9}
		{E4BAD0E2-4D6A-471B-8B7F-E8665D4EB555} = {D2EE14C0-F951-4271-AD77-8E5F10DF54A9}
		{CCE15B47-BD60-4AE6-934E-0922F2BA48CC} = {AEB1463A-12CB-4072-A09C-42EE8ABF50D2}
		{1C71F51A-28DB-489E-9BAC-8037AC9CC2E4} = {AEB1463A-12CB-4072-A09C-42EE8ABF50D2}
		{547217CC-3945-422C-ABCD-1BD5B6D41F25} = {AEB1463A-12CB-4072-A09C-42EE8ABF50D2}
		{18B4638B-74E0-47F3-93F4-1065530AAF2C} = {3354A4E0-60EC-45CA-8818-6AB33948E385}
		{1D88B863-E743-4A47-BDA0-41BCDFAB1789} = {3354A4E0-60EC-45CA-8818-6AB33948E385}
		{082FB101-560D-43FD-A2F4-A46F8460D4C0} = {3354A4E0-60EC-45CA-8818-6AB33948E385}
		{6B874B3B-5268-48B8-A1CC-466AFAA4A2CC} = {7ADC8DBD-C29B-4DAA-9A54-53515560ADFE}
		{232875C1-9AF7-4BE9-BBA9-AD093DBE44B0} = {7ADC8DBD-C29B-4DAA-9A54-53515560ADFE}
		{FE66FA67-3F44-480A-BBDE-E3D2665B27E4} = {7ADC8DBD-C29B-4DAA-9A54-53515560ADFE}
	EndGlobalSection
	GlobalSection(ExtensibilityGlobals) = postSolution
		SolutionGuid = {AE9B7F84-1C63-44F4-8F50-E4AB67366039}
	EndGlobalSection
EndGlobal
